
Microsoft Visual Studio Solution File, Format Version 12.00
# Visual Studio 2012
Project("{2150E333-8FDC-42A3-9474-1A3956D46DE8}") = "external", "external", "{4919FF5C-2F09-4EDB-9656-2AD13D49531B}"
EndProject
Project("{FAE04EC0-301F-11D3-BF4B-00C04F79EFBC}") = "websocket-sharp", "external\websocket-sharp\websocket-sharp\websocket-sharp.csproj", "{B357BAC7-529E-4D81-A0D2-71041B19C8DE}"
EndProject
Project("{FAE04EC0-301F-11D3-BF4B-00C04F79EFBC}") = "Taobao.Top.Link", "src\Taobao.Top.Link\Taobao.Top.Link.csproj", "{4989E149-3A5D-406D-9A42-F4DC3F3950F4}"
EndProject
Project("{FAE04EC0-301F-11D3-BF4B-00C04F79EFBC}") = "RemotingProtocolParser-Core", "external\RemotingProtocolParser\csharp\RemotingProtocolParser\RemotingProtocolParser-Core.csproj", "{C9063E8A-5F48-4C2E-A89C-031C53E75918}"
EndProject
Project("{FAE04EC0-301F-11D3-BF4B-00C04F79EFBC}") = "Taobao.Top.Link.Test", "src\Taobao.Top.Link.Test\Taobao.Top.Link.Test.csproj", "{061B2353-31C0-4F84-BABE-842163BCDFF9}"
EndProject
Global
	GlobalSection(SolutionConfigurationPlatforms) = preSolution
		Debug_Ubuntu|Any CPU = Debug_Ubuntu|Any CPU
		Debug|Any CPU = Debug|Any CPU
		Release_Ubuntu|Any CPU = Release_Ubuntu|Any CPU
		Release|Any CPU = Release|Any CPU
	EndGlobalSection
	GlobalSection(ProjectConfigurationPlatforms) = postSolution
		{B357BAC7-529E-4D81-A0D2-71041B19C8DE}.Debug_Ubuntu|Any CPU.ActiveCfg = Debug_Ubuntu|Any CPU
		{B357BAC7-529E-4D81-A0D2-71041B19C8DE}.Debug_Ubuntu|Any CPU.Build.0 = Debug_Ubuntu|Any CPU
		{B357BAC7-529E-4D81-A0D2-71041B19C8DE}.Debug|Any CPU.ActiveCfg = Debug|Any CPU
		{B357BAC7-529E-4D81-A0D2-71041B19C8DE}.Debug|Any CPU.Build.0 = Debug|Any CPU
		{B357BAC7-529E-4D81-A0D2-71041B19C8DE}.Release_Ubuntu|Any CPU.ActiveCfg = Release_Ubuntu|Any CPU
		{B357BAC7-529E-4D81-A0D2-71041B19C8DE}.Release_Ubuntu|Any CPU.Build.0 = Release_Ubuntu|Any CPU
		{B357BAC7-529E-4D81-A0D2-71041B19C8DE}.Release|Any CPU.ActiveCfg = Release|Any CPU
		{B357BAC7-529E-4D81-A0D2-71041B19C8DE}.Release|Any CPU.Build.0 = Release|Any CPU
		{4989E149-3A5D-406D-9A42-F4DC3F3950F4}.Debug_Ubuntu|Any CPU.ActiveCfg = Debug|Any CPU
		{4989E149-3A5D-406D-9A42-F4DC3F3950F4}.Debug_Ubuntu|Any CPU.Build.0 = Debug|Any CPU
		{4989E149-3A5D-406D-9A42-F4DC3F3950F4}.Debug|Any CPU.ActiveCfg = Debug|Any CPU
		{4989E149-3A5D-406D-9A42-F4DC3F3950F4}.Debug|Any CPU.Build.0 = Debug|Any CPU
		{4989E149-3A5D-406D-9A42-F4DC3F3950F4}.Release_Ubuntu|Any CPU.ActiveCfg = Release|Any CPU
		{4989E149-3A5D-406D-9A42-F4DC3F3950F4}.Release_Ubuntu|Any CPU.Build.0 = Release|Any CPU
		{4989E149-3A5D-406D-9A42-F4DC3F3950F4}.Release|Any CPU.ActiveCfg = Release|Any CPU
		{4989E149-3A5D-406D-9A42-F4DC3F3950F4}.Release|Any CPU.Build.0 = Release|Any CPU
		{C9063E8A-5F48-4C2E-A89C-031C53E75918}.Debug_Ubuntu|Any CPU.ActiveCfg = Debug|Any CPU
		{C9063E8A-5F48-4C2E-A89C-031C53E75918}.Debug_Ubuntu|Any CPU.Build.0 = Debug|Any CPU
		{C9063E8A-5F48-4C2E-A89C-031C53E75918}.Debug|Any CPU.ActiveCfg = Debug|Any CPU
		{C9063E8A-5F48-4C2E-A89C-031C53E75918}.Debug|Any CPU.Build.0 = Debug|Any CPU
		{C9063E8A-5F48-4C2E-A89C-031C53E75918}.Release_Ubuntu|Any CPU.ActiveCfg = Release|Any CPU
		{C9063E8A-5F48-4C2E-A89C-031C53E75918}.Release_Ubuntu|Any CPU.Build.0 = Release|Any CPU
		{C9063E8A-5F48-4C2E-A89C-031C53E75918}.Release|Any CPU.ActiveCfg = Release|Any CPU
		{C9063E8A-5F48-4C2E-A89C-031C53E75918}.Release|Any CPU.Build.0 = Release|Any CPU
		{061B2353-31C0-4F84-BABE-842163BCDFF9}.Debug_Ubuntu|Any CPU.ActiveCfg = Debug|Any CPU
		{061B2353-31C0-4F84-BABE-842163BCDFF9}.Debug_Ubuntu|Any CPU.Build.0 = Debug|Any CPU
		{061B2353-31C0-4F84-BABE-842163BCDFF9}.Debug|Any CPU.ActiveCfg = Debug|Any CPU
		{061B2353-31C0-4F84-BABE-842163BCDFF9}.Debug|Any CPU.Build.0 = Debug|Any CPU
		{061B2353-31C0-4F84-BABE-842163BCDFF9}.Release_Ubuntu|Any CPU.ActiveCfg = Release|Any CPU
		{061B2353-31C0-4F84-BABE-842163BCDFF9}.Release_Ubuntu|Any CPU.Build.0 = Release|Any CPU
		{061B2353-31C0-4F84-BABE-842163BCDFF9}.Release|Any CPU.ActiveCfg = Release|Any CPU
		{061B2353-31C0-4F84-BABE-842163BCDFF9}.Release|Any CPU.Build.0 = Release|Any CPU
	EndGlobalSection
	GlobalSection(SolutionProperties) = preSolution
		HideSolutionNode = FALSE
	EndGlobalSection
	GlobalSection(NestedProjects) = preSolution
		{B357BAC7-529E-4D81-A0D2-71041B19C8DE} = {4919FF5C-2F09-4EDB-9656-2AD13D49531B}
		{C9063E8A-5F48-4C2E-A89C-031C53E75918} = {4919FF5C-2F09-4EDB-9656-2AD13D49531B}
	EndGlobalSection
EndGlobal
